
Microsoft Visual Studio Solution File, Format Version 12.00
# Visual Studio Version 17
VisualStudioVersion = 17.11.35222.181
MinimumVisualStudioVersion = 10.0.40219.1
Project("{FAE04EC0-301F-11D3-BF4B-00C04F79EFBC}") = "RPGFinall", "RPGFinall\RPGFinall.csproj", "{B6D8A507-11E6-4019-8F04-83C29B58025D}"
EndProject
Global
	GlobalSection(SolutionConfigurationPlatforms) = preSolution
		Debug|Any CPU = Debug|Any CPU
		Release|Any CPU = Release|Any CPU
	EndGlobalSection
	GlobalSection(ProjectConfigurationPlatforms) = postSolution
		{B6D8A507-11E6-4019-8F04-83C29B58025D}.Debug|Any CPU.ActiveCfg = Debug|Any CPU
		{B6D8A507-11E6-4019-8F04-83C29B58025D}.Debug|Any CPU.Build.0 = Debug|Any CPU
		{B6D8A507-11E6-4019-8F04-83C29B58025D}.Release|Any CPU.ActiveCfg = Release|Any CPU
		{B6D8A507-11E6-4019-8F04-83C29B58025D}.Release|Any CPU.Build.0 = Release|Any CPU
	EndGlobalSection
	GlobalSection(SolutionProperties) = preSolution
		HideSolutionNode = FALSE
	EndGlobalSection
	GlobalSection(ExtensibilityGlobals) = postSolution
		SolutionGuid = {F4FEB137-4435-42E9-9DC3-E706139500F6}
	EndGlobalSection
EndGlobal
